
Microsoft Visual Studio Solution File, Format Version 12.00
# Visual Studio 2013
VisualStudioVersion = 12.0.31101.0
MinimumVisualStudioVersion = 10.0.40219.1
Project("{FAE04EC0-301F-11D3-BF4B-00C04F79EFBC}") = "ServiceConsumer", "ServiceConsumer\ServiceConsumer.csproj", "{B497186B-2974-422A-96DA-F583989170EF}"
EndProject
Project("{FAE04EC0-301F-11D3-BF4B-00C04F79EFBC}") = "MotorService", "MotorService\MotorService.csproj", "{1F44E683-0D32-4805-BE77-0840109BA067}"
EndProject
Global
	GlobalSection(SolutionConfigurationPlatforms) = preSolution
		Debug|Any CPU = Debug|Any CPU
		Release|Any CPU = Release|Any CPU
	EndGlobalSection
	GlobalSection(ProjectConfigurationPlatforms) = postSolution
		{B497186B-2974-422A-96DA-F583989170EF}.Debug|Any CPU.ActiveCfg = Debug|Any CPU
		{B497186B-2974-422A-96DA-F583989170EF}.Debug|Any CPU.Build.0 = Debug|Any CPU
		{B497186B-2974-422A-96DA-F583989170EF}.Release|Any CPU.ActiveCfg = Release|Any CPU
		{B497186B-2974-422A-96DA-F583989170EF}.Release|Any CPU.Build.0 = Release|Any CPU
		{1F44E683-0D32-4805-BE77-0840109BA067}.Debug|Any CPU.ActiveCfg = Debug|Any CPU
		{1F44E683-0D32-4805-BE77-0840109BA067}.Debug|Any CPU.Build.0 = Debug|Any CPU
		{1F44E683-0D32-4805-BE77-0840109BA067}.Release|Any CPU.ActiveCfg = Release|Any CPU
		{1F44E683-0D32-4805-BE77-0840109BA067}.Release|Any CPU.Build.0 = Release|Any CPU
	EndGlobalSection
	GlobalSection(SolutionProperties) = preSolution
		HideSolutionNode = FALSE
	EndGlobalSection
EndGlobal
